
Microsoft Visual Studio Solution File, Format Version 12.00
# Visual Studio 15
VisualStudioVersion = 15.0.27428.2002
MinimumVisualStudioVersion = 10.0.40219.1
Project("{FAE04EC0-301F-11D3-BF4B-00C04F79EFBC}") = "People.Android", "People\People.Android\People.Android.csproj", "{43BECEAC-9006-4C91-8524-76EA10BD9E18}"
EndProject
Project("{FAE04EC0-301F-11D3-BF4B-00C04F79EFBC}") = "People.iOS", "People\People.iOS\People.iOS.csproj", "{B13C4ECE-EB36-4F15-B2D8-758523FD4010}"
EndProject
Project("{FAE04EC0-301F-11D3-BF4B-00C04F79EFBC}") = "People.UWP", "People\People.UWP\People.UWP.csproj", "{1D6B7BD6-54F1-413F-90A1-491CDB37E24A}"
EndProject
Project("{FAE04EC0-301F-11D3-BF4B-00C04F79EFBC}") = "People", "People\People\People.csproj", "{5B53FF15-A3EE-49BD-BBB9-7CBFB1481B2D}"
EndProject
Global
	GlobalSection(SolutionConfigurationPlatforms) = preSolution
		Ad-Hoc|Any CPU = Ad-Hoc|Any CPU
		Ad-Hoc|ARM = Ad-Hoc|ARM
		Ad-Hoc|iPhone = Ad-Hoc|iPhone
		Ad-Hoc|iPhoneSimulator = Ad-Hoc|iPhoneSimulator
		Ad-Hoc|x64 = Ad-Hoc|x64
		Ad-Hoc|x86 = Ad-Hoc|x86
		AppStore|Any CPU = AppStore|Any CPU
		AppStore|ARM = AppStore|ARM
		AppStore|iPhone = AppStore|iPhone
		AppStore|iPhoneSimulator = AppStore|iPhoneSimulator
		AppStore|x64 = AppStore|x64
		AppStore|x86 = AppStore|x86
		Debug|Any CPU = Debug|Any CPU
		Debug|ARM = Debug|ARM
		Debug|iPhone = Debug|iPhone
		Debug|iPhoneSimulator = Debug|iPhoneSimulator
		Debug|x64 = Debug|x64
		Debug|x86 = Debug|x86
		Release|Any CPU = Release|Any CPU
		Release|ARM = Release|ARM
		Release|iPhone = Release|iPhone
		Release|iPhoneSimulator = Release|iPhoneSimulator
		Release|x64 = Release|x64
		Release|x86 = Release|x86
	EndGlobalSection
	GlobalSection(ProjectConfigurationPlatforms) = postSolution
		{43BECEAC-9006-4C91-8524-76EA10BD9E18}.Ad-Hoc|Any CPU.ActiveCfg = Release|Any CPU
		{43BECEAC-9006-4C91-8524-76EA10BD9E18}.Ad-Hoc|Any CPU.Build.0 = Release|Any CPU
		{43BECEAC-9006-4C91-8524-76EA10BD9E18}.Ad-Hoc|Any CPU.Deploy.0 = Release|Any CPU
		{43BECEAC-9006-4C91-8524-76EA10BD9E18}.Ad-Hoc|ARM.ActiveCfg = Release|Any CPU
		{43BECEAC-9006-4C91-8524-76EA10BD9E18}.Ad-Hoc|ARM.Build.0 = Release|Any CPU
		{43BECEAC-9006-4C91-8524-76EA10BD9E18}.Ad-Hoc|ARM.Deploy.0 = Release|Any CPU
		{43BECEAC-9006-4C91-8524-76EA10BD9E18}.Ad-Hoc|iPhone.ActiveCfg = Release|Any CPU
		{43BECEAC-9006-4C91-8524-76EA10BD9E18}.Ad-Hoc|iPhone.Build.0 = Release|Any CPU
		{43BECEAC-9006-4C91-8524-76EA10BD9E18}.Ad-Hoc|iPhone.Deploy.0 = Release|Any CPU
		{43BECEAC-9006-4C91-8524-76EA10BD9E18}.Ad-Hoc|iPhoneSimulator.ActiveCfg = Release|Any CPU
		{43BECEAC-9006-4C91-8524-76EA10BD9E18}.Ad-Hoc|iPhoneSimulator.Build.0 = Release|Any CPU
		{43BECEAC-9006-4C91-8524-76EA10BD9E18}.Ad-Hoc|iPhoneSimulator.Deploy.0 = Release|Any CPU
		{43BECEAC-9006-4C91-8524-76EA10BD9E18}.Ad-Hoc|x64.ActiveCfg = Release|Any CPU
		{43BECEAC-9006-4C91-8524-76EA10BD9E18}.Ad-Hoc|x64.Build.0 = Release|Any CPU
		{43BECEAC-9006-4C91-8524-76EA10BD9E18}.Ad-Hoc|x64.Deploy.0 = Release|Any CPU
		{43BECEAC-9006-4C91-8524-76EA10BD9E18}.Ad-Hoc|x86.ActiveCfg = Release|Any CPU
		{43BECEAC-9006-4C91-8524-76EA10BD9E18}.Ad-Hoc|x86.Build.0 = Release|Any CPU
		{43BECEAC-9006-4C91-8524-76EA10BD9E18}.Ad-Hoc|x86.Deploy.0 = Release|Any CPU
		{43BECEAC-9006-4C91-8524-76EA10BD9E18}.AppStore|Any CPU.ActiveCfg = Release|Any CPU
		{43BECEAC-9006-4C91-8524-76EA10BD9E18}.AppStore|Any CPU.Build.0 = Release|Any CPU
		{43BECEAC-9006-4C91-8524-76EA10BD9E18}.AppStore|Any CPU.Deploy.0 = Release|Any CPU
		{43BECEAC-9006-4C91-8524-76EA10BD9E18}.AppStore|ARM.ActiveCfg = Release|Any CPU
		{43BECEAC-9006-4C91-8524-76EA10BD9E18}.AppStore|ARM.Build.0 = Release|Any CPU
		{43BECEAC-9006-4C91-8524-76EA10BD9E18}.AppStore|ARM.Deploy.0 = Release|Any CPU
		{43BECEAC-9006-4C91-8524-76EA10BD9E18}.AppStore|iPhone.ActiveCfg = Release|Any CPU
		{43BECEAC-9006-4C91-8524-76EA10BD9E18}.AppStore|iPhone.Build.0 = Release|Any CPU
		{43BECEAC-9006-4C91-8524-76EA10BD9E18}.AppStore|iPhone.Deploy.0 = Release|Any CPU
		{43BECEAC-9006-4C91-8524-76EA10BD9E18}.AppStore|iPhoneSimulator.ActiveCfg = Release|Any CPU
		{43BECEAC-9006-4C91-8524-76EA10BD9E18}.AppStore|iPhoneSimulator.Build.0 = Release|Any CPU
		{43BECEAC-9006-4C91-8524-76EA10BD9E18}.AppStore|iPhoneSimulator.Deploy.0 = Release|Any CPU
		{43BECEAC-9006-4C91-8524-76EA10BD9E18}.AppStore|x64.ActiveCfg = Release|Any CPU
		{43BECEAC-9006-4C91-8524-76EA10BD9E18}.AppStore|x64.Build.0 = Release|Any CPU
		{43BECEAC-9006-4C91-8524-76EA10BD9E18}.AppStore|x64.Deploy.0 = Release|Any CPU
		{43BECEAC-9006-4C91-8524-76EA10BD9E18}.AppStore|x86.ActiveCfg = Release|Any CPU
		{43BECEAC-9006-4C91-8524-76EA10BD9E18}.AppStore|x86.Build.0 = Release|Any CPU
		{43BECEAC-9006-4C91-8524-76EA10BD9E18}.AppStore|x86.Deploy.0 = Release|Any CPU
		{43BECEAC-9006-4C91-8524-76EA10BD9E18}.Debug|Any CPU.ActiveCfg = Debug|Any CPU
		{43BECEAC-9006-4C91-8524-76EA10BD9E18}.Debug|Any CPU.Build.0 = Debug|Any CPU
		{43BECEAC-9006-4C91-8524-76EA10BD9E18}.Debug|Any CPU.Deploy.0 = Debug|Any CPU
		{43BECEAC-9006-4C91-8524-76EA10BD9E18}.Debug|ARM.ActiveCfg = Debug|Any CPU
		{43BECEAC-9006-4C91-8524-76EA10BD9E18}.Debug|ARM.Build.0 = Debug|Any CPU
		{43BECEAC-9006-4C91-8524-76EA10BD9E18}.Debug|ARM.Deploy.0 = Debug|Any CPU
		{43BECEAC-9006-4C91-8524-76EA10BD9E18}.Debug|iPhone.ActiveCfg = Debug|Any CPU
		{43BECEAC-9006-4C91-8524-76EA10BD9E18}.Debug|iPhone.Build.0 = Debug|Any CPU
		{43BECEAC-9006-4C91-8524-76EA10BD9E18}.Debug|iPhone.Deploy.0 = Debug|Any CPU
		{43BECEAC-9006-4C91-8524-76EA10BD9E18}.Debug|iPhoneSimulator.ActiveCfg = Debug|Any CPU
		{43BECEAC-9006-4C91-8524-76EA10BD9E18}.Debug|iPhoneSimulator.Build.0 = Debug|Any CPU
		{43BECEAC-9006-4C91-8524-76EA10BD9E18}.Debug|iPhoneSimulator.Deploy.0 = Debug|Any CPU
		{43BECEAC-9006-4C91-8524-76EA10BD9E18}.Debug|x64.ActiveCfg = Debug|Any CPU
		{43BECEAC-9006-4C91-8524-76EA10BD9E18}.Debug|x64.Build.0 = Debug|Any CPU
		{43BECEAC-9006-4C91-8524-76EA10BD9E18}.Debug|x64.Deploy.0 = Debug|Any CPU
		{43BECEAC-9006-4C91-8524-76EA10BD9E18}.Debug|x86.ActiveCfg = Debug|Any CPU
		{43BECEAC-9006-4C91-8524-76EA10BD9E18}.Debug|x86.Build.0 = Debug|Any CPU
		{43BECEAC-9006-4C91-8524-76EA10BD9E18}.Debug|x86.Deploy.0 = Debug|Any CPU
		{43BECEAC-9006-4C91-8524-76EA10BD9E18}.Release|Any CPU.ActiveCfg = Release|Any CPU
		{43BECEAC-9006-4C91-8524-76EA10BD9E18}.Release|Any CPU.Build.0 = Release|Any CPU
		{43BECEAC-9006-4C91-8524-76EA10BD9E18}.Release|Any CPU.Deploy.0 = Release|Any CPU
		{43BECEAC-9006-4C91-8524-76EA10BD9E18}.Release|ARM.ActiveCfg = Release|Any CPU
		{43BECEAC-9006-4C91-8524-76EA10BD9E18}.Release|ARM.Build.0 = Release|Any CPU
		{43BECEAC-9006-4C91-8524-76EA10BD9E18}.Release|ARM.Deploy.0 = Release|Any CPU
		{43BECEAC-9006-4C91-8524-76EA10BD9E18}.Release|iPhone.ActiveCfg = Release|Any CPU
		{43BECEAC-9006-4C91-8524-76EA10BD9E18}.Release|iPhone.Build.0 = Release|Any CPU
		{43BECEAC-9006-4C91-8524-76EA10BD9E18}.Release|iPhone.Deploy.0 = Release|Any CPU
		{43BECEAC-9006-4C91-8524-76EA10BD9E18}.Release|iPhoneSimulator.ActiveCfg = Release|Any CPU
		{43BECEAC-9006-4C91-8524-76EA10BD9E18}.Release|iPhoneSimulator.Build.0 = Release|Any CPU
		{43BECEAC-9006-4C91-8524-76EA10BD9E18}.Release|iPhoneSimulator.Deploy.0 = Release|Any CPU
		{43BECEAC-9006-4C91-8524-76EA10BD9E18}.Release|x64.ActiveCfg = Release|Any CPU
		{43BECEAC-9006-4C91-8524-76EA10BD9E18}.Release|x64.Build.0 = Release|Any CPU
		{43BECEAC-9006-4C91-8524-76EA10BD9E18}.Release|x64.Deploy.0 = Release|Any CPU
		{43BECEAC-9006-4C91-8524-76EA10BD9E18}.Release|x86.ActiveCfg = Release|Any CPU
		{43BECEAC-9006-4C91-8524-76EA10BD9E18}.Release|x86.Build.0 = Release|Any CPU
		{43BECEAC-9006-4C91-8524-76EA10BD9E18}.Release|x86.Deploy.0 = Release|Any CPU
		{B13C4ECE-EB36-4F15-B2D8-758523FD4010}.Ad-Hoc|Any CPU.ActiveCfg = Ad-Hoc|iPhone
		{B13C4ECE-EB36-4F15-B2D8-758523FD4010}.Ad-Hoc|ARM.ActiveCfg = Ad-Hoc|iPhone
		{B13C4ECE-EB36-4F15-B2D8-758523FD4010}.Ad-Hoc|iPhone.ActiveCfg = Ad-Hoc|iPhone
		{B13C4ECE-EB36-4F15-B2D8-758523FD4010}.Ad-Hoc|iPhone.Build.0 = Ad-Hoc|iPhone
		{B13C4ECE-EB36-4F15-B2D8-758523FD4010}.Ad-Hoc|iPhoneSimulator.ActiveCfg = Ad-Hoc|iPhoneSimulator
		{B13C4ECE-EB36-4F15-B2D8-758523FD4010}.Ad-Hoc|iPhoneSimulator.Build.0 = Ad-Hoc|iPhoneSimulator
		{B13C4ECE-EB36-4F15-B2D8-758523FD4010}.Ad-Hoc|x64.ActiveCfg = Ad-Hoc|iPhone
		{B13C4ECE-EB36-4F15-B2D8-758523FD4010}.Ad-Hoc|x86.ActiveCfg = Ad-Hoc|iPhone
		{B13C4ECE-EB36-4F15-B2D8-758523FD4010}.AppStore|Any CPU.ActiveCfg = AppStore|iPhone
		{B13C4ECE-EB36-4F15-B2D8-758523FD4010}.AppStore|ARM.ActiveCfg = AppStore|iPhone
		{B13C4ECE-EB36-4F15-B2D8-758523FD4010}.AppStore|iPhone.ActiveCfg = AppStore|iPhone
		{B13C4ECE-EB36-4F15-B2D8-758523FD4010}.AppStore|iPhone.Build.0 = AppStore|iPhone
		{B13C4ECE-EB36-4F15-B2D8-758523FD4010}.AppStore|iPhoneSimulator.ActiveCfg = AppStore|iPhoneSimulator
		{B13C4ECE-EB36-4F15-B2D8-758523FD4010}.AppStore|iPhoneSimulator.Build.0 = AppStore|iPhoneSimulator
		{B13C4ECE-EB36-4F15-B2D8-758523FD4010}.AppStore|x64.ActiveCfg = AppStore|iPhone
		{B13C4ECE-EB36-4F15-B2D8-758523FD4010}.AppStore|x86.ActiveCfg = AppStore|iPhone
		{B13C4ECE-EB36-4F15-B2D8-758523FD4010}.Debug|Any CPU.ActiveCfg = Debug|iPhone
		{B13C4ECE-EB36-4F15-B2D8-758523FD4010}.Debug|ARM.ActiveCfg = Debug|iPhone
		{B13C4ECE-EB36-4F15-B2D8-758523FD4010}.Debug|iPhone.ActiveCfg = Debug|iPhone
		{B13C4ECE-EB36-4F15-B2D8-758523FD4010}.Debug|iPhone.Build.0 = Debug|iPhone
		{B13C4ECE-EB36-4F15-B2D8-758523FD4010}.Debug|iPhoneSimulator.ActiveCfg = Debug|iPhoneSimulator
		{B13C4ECE-EB36-4F15-B2D8-758523FD4010}.Debug|iPhoneSimulator.Build.0 = Debug|iPhoneSimulator
		{B13C4ECE-EB36-4F15-B2D8-758523FD4010}.Debug|x64.ActiveCfg = Debug|iPhone
		{B13C4ECE-EB36-4F15-B2D8-758523FD4010}.Debug|x86.ActiveCfg = Debug|iPhone
		{B13C4ECE-EB36-4F15-B2D8-758523FD4010}.Release|Any CPU.ActiveCfg = Release|iPhone
		{B13C4ECE-EB36-4F15-B2D8-758523FD4010}.Release|ARM.ActiveCfg = Release|iPhone
		{B13C4ECE-EB36-4F15-B2D8-758523FD4010}.Release|iPhone.ActiveCfg = Release|iPhone
		{B13C4ECE-EB36-4F15-B2D8-758523FD4010}.Release|iPhone.Build.0 = Release|iPhone
		{B13C4ECE-EB36-4F15-B2D8-758523FD4010}.Release|iPhoneSimulator.ActiveCfg = Release|iPhoneSimulator
		{B13C4ECE-EB36-4F15-B2D8-758523FD4010}.Release|iPhoneSimulator.Build.0 = Release|iPhoneSimulator
		{B13C4ECE-EB36-4F15-B2D8-758523FD4010}.Release|x64.ActiveCfg = Release|iPhone
		{B13C4ECE-EB36-4F15-B2D8-758523FD4010}.Release|x86.ActiveCfg = Release|iPhone
		{1D6B7BD6-54F1-413F-90A1-491CDB37E24A}.Ad-Hoc|Any CPU.ActiveCfg = Release|x86
		{1D6B7BD6-54F1-413F-90A1-491CDB37E24A}.Ad-Hoc|Any CPU.Build.0 = Release|x86
		{1D6B7BD6-54F1-413F-90A1-491CDB37E24A}.Ad-Hoc|Any CPU.Deploy.0 = Release|x86
		{1D6B7BD6-54F1-413F-90A1-491CDB37E24A}.Ad-Hoc|ARM.ActiveCfg = Release|ARM
		{1D6B7BD6-54F1-413F-90A1-491CDB37E24A}.Ad-Hoc|ARM.Build.0 = Release|ARM
		{1D6B7BD6-54F1-413F-90A1-491CDB37E24A}.Ad-Hoc|ARM.Deploy.0 = Release|ARM
		{1D6B7BD6-54F1-413F-90A1-491CDB37E24A}.Ad-Hoc|iPhone.ActiveCfg = Release|x86
		{1D6B7BD6-54F1-413F-90A1-491CDB37E24A}.Ad-Hoc|iPhone.Build.0 = Release|x86
		{1D6B7BD6-54F1-413F-90A1-491CDB37E24A}.Ad-Hoc|iPhone.Deploy.0 = Release|x86
		{1D6B7BD6-54F1-413F-90A1-491CDB37E24A}.Ad-Hoc|iPhoneSimulator.ActiveCfg = Release|x86
		{1D6B7BD6-54F1-413F-90A1-491CDB37E24A}.Ad-Hoc|iPhoneSimulator.Build.0 = Release|x86
		{1D6B7BD6-54F1-413F-90A1-491CDB37E24A}.Ad-Hoc|iPhoneSimulator.Deploy.0 = Release|x86
		{1D6B7BD6-54F1-413F-90A1-491CDB37E24A}.Ad-Hoc|x64.ActiveCfg = Release|x64
		{1D6B7BD6-54F1-413F-90A1-491CDB37E24A}.Ad-Hoc|x64.Build.0 = Release|x64
		{1D6B7BD6-54F1-413F-90A1-491CDB37E24A}.Ad-Hoc|x64.Deploy.0 = Release|x64
		{1D6B7BD6-54F1-413F-90A1-491CDB37E24A}.Ad-Hoc|x86.ActiveCfg = Release|x86
		{1D6B7BD6-54F1-413F-90A1-491CDB37E24A}.Ad-Hoc|x86.Build.0 = Release|x86
		{1D6B7BD6-54F1-413F-90A1-491CDB37E24A}.Ad-Hoc|x86.Deploy.0 = Release|x86
		{1D6B7BD6-54F1-413F-90A1-491CDB37E24A}.AppStore|Any CPU.ActiveCfg = Release|x86
		{1D6B7BD6-54F1-413F-90A1-491CDB37E24A}.AppStore|Any CPU.Build.0 = Release|x86
		{1D6B7BD6-54F1-413F-90A1-491CDB37E24A}.AppStore|Any CPU.Deploy.0 = Release|x86
		{1D6B7BD6-54F1-413F-90A1-491CDB37E24A}.AppStore|ARM.ActiveCfg = Release|ARM
		{1D6B7BD6-54F1-413F-90A1-491CDB37E24A}.AppStore|ARM.Build.0 = Release|ARM
		{1D6B7BD6-54F1-413F-90A1-491CDB37E24A}.AppStore|ARM.Deploy.0 = Release|ARM
		{1D6B7BD6-54F1-413F-90A1-491CDB37E24A}.AppStore|iPhone.ActiveCfg = Release|x86
		{1D6B7BD6-54F1-413F-90A1-491CDB37E24A}.AppStore|iPhone.Build.0 = Release|x86
		{1D6B7BD6-54F1-413F-90A1-491CDB37E24A}.AppStore|iPhone.Deploy.0 = Release|x86
		{1D6B7BD6-54F1-413F-90A1-491CDB37E24A}.AppStore|iPhoneSimulator.ActiveCfg = Release|x86
		{1D6B7BD6-54F1-413F-90A1-491CDB37E24A}.AppStore|iPhoneSimulator.Build.0 = Release|x86
		{1D6B7BD6-54F1-413F-90A1-491CDB37E24A}.AppStore|iPhoneSimulator.Deploy.0 = Release|x86
		{1D6B7BD6-54F1-413F-90A1-491CDB37E24A}.AppStore|x64.ActiveCfg = Release|x64
		{1D6B7BD6-54F1-413F-90A1-491CDB37E24A}.AppStore|x64.Build.0 = Release|x64
		{1D6B7BD6-54F1-413F-90A1-491CDB37E24A}.AppStore|x64.Deploy.0 = Release|x64
		{1D6B7BD6-54F1-413F-90A1-491CDB37E24A}.AppStore|x86.ActiveCfg = Release|x86
		{1D6B7BD6-54F1-413F-90A1-491CDB37E24A}.AppStore|x86.Build.0 = Release|x86
		{1D6B7BD6-54F1-413F-90A1-491CDB37E24A}.AppStore|x86.Deploy.0 = Release|x86
		{1D6B7BD6-54F1-413F-90A1-491CDB37E24A}.Debug|Any CPU.ActiveCfg = Debug|x86
		{1D6B7BD6-54F1-413F-90A1-491CDB37E24A}.Debug|ARM.ActiveCfg = Debug|ARM
		{1D6B7BD6-54F1-413F-90A1-491CDB37E24A}.Debug|ARM.Build.0 = Debug|ARM
		{1D6B7BD6-54F1-413F-90A1-491CDB37E24A}.Debug|ARM.Deploy.0 = Debug|ARM
		{1D6B7BD6-54F1-413F-90A1-491CDB37E24A}.Debug|iPhone.ActiveCfg = Debug|x86
		{1D6B7BD6-54F1-413F-90A1-491CDB37E24A}.Debug|iPhoneSimulator.ActiveCfg = Debug|x86
		{1D6B7BD6-54F1-413F-90A1-491CDB37E24A}.Debug|x64.ActiveCfg = Debug|x64
		{1D6B7BD6-54F1-413F-90A1-491CDB37E24A}.Debug|x64.Build.0 = Debug|x64
		{1D6B7BD6-54F1-413F-90A1-491CDB37E24A}.Debug|x64.Deploy.0 = Debug|x64
		{1D6B7BD6-54F1-413F-90A1-491CDB37E24A}.Debug|x86.ActiveCfg = Debug|x86
		{1D6B7BD6-54F1-413F-90A1-491CDB37E24A}.Debug|x86.Build.0 = Debug|x86
		{1D6B7BD6-54F1-413F-90A1-491CDB37E24A}.Debug|x86.Deploy.0 = Debug|x86
		{1D6B7BD6-54F1-413F-90A1-491CDB37E24A}.Release|Any CPU.ActiveCfg = Release|x86
		{1D6B7BD6-54F1-413F-90A1-491CDB37E24A}.Release|ARM.ActiveCfg = Release|ARM
		{1D6B7BD6-54F1-413F-90A1-491CDB37E24A}.Release|ARM.Build.0 = Release|ARM
		{1D6B7BD6-54F1-413F-90A1-491CDB37E24A}.Release|ARM.Deploy.0 = Release|ARM
		{1D6B7BD6-54F1-413F-90A1-491CDB37E24A}.Release|iPhone.ActiveCfg = Release|x86
		{1D6B7BD6-54F1-413F-90A1-491CDB37E24A}.Release|iPhoneSimulator.ActiveCfg = Release|x86
		{1D6B7BD6-54F1-413F-90A1-491CDB37E24A}.Release|x64.ActiveCfg = Release|x64
		{1D6B7BD6-54F1-413F-90A1-491CDB37E24A}.Release|x64.Build.0 = Release|x64
		{1D6B7BD6-54F1-413F-90A1-491CDB37E24A}.Release|x64.Deploy.0 = Release|x64
		{1D6B7BD6-54F1-413F-90A1-491CDB37E24A}.Release|x86.ActiveCfg = Release|x86
		{1D6B7BD6-54F1-413F-90A1-491CDB37E24A}.Release|x86.Build.0 = Release|x86
		{1D6B7BD6-54F1-413F-90A1-491CDB37E24A}.Release|x86.Deploy.0 = Release|x86
		{5B53FF15-A3EE-49BD-BBB9-7CBFB1481B2D}.Ad-Hoc|Any CPU.ActiveCfg = Debug|Any CPU
		{5B53FF15-A3EE-49BD-BBB9-7CBFB1481B2D}.Ad-Hoc|Any CPU.Build.0 = Debug|Any CPU
		{5B53FF15-A3EE-49BD-BBB9-7CBFB1481B2D}.Ad-Hoc|ARM.ActiveCfg = Debug|Any CPU
		{5B53FF15-A3EE-49BD-BBB9-7CBFB1481B2D}.Ad-Hoc|ARM.Build.0 = Debug|Any CPU
		{5B53FF15-A3EE-49BD-BBB9-7CBFB1481B2D}.Ad-Hoc|iPhone.ActiveCfg = Debug|Any CPU
		{5B53FF15-A3EE-49BD-BBB9-7CBFB1481B2D}.Ad-Hoc|iPhone.Build.0 = Debug|Any CPU
		{5B53FF15-A3EE-49BD-BBB9-7CBFB1481B2D}.Ad-Hoc|iPhoneSimulator.ActiveCfg = Debug|Any CPU
		{5B53FF15-A3EE-49BD-BBB9-7CBFB1481B2D}.Ad-Hoc|iPhoneSimulator.Build.0 = Debug|Any CPU
		{5B53FF15-A3EE-49BD-BBB9-7CBFB1481B2D}.Ad-Hoc|x64.ActiveCfg = Debug|Any CPU
		{5B53FF15-A3EE-49BD-BBB9-7CBFB1481B2D}.Ad-Hoc|x64.Build.0 = Debug|Any CPU
		{5B53FF15-A3EE-49BD-BBB9-7CBFB1481B2D}.Ad-Hoc|x86.ActiveCfg = Debug|Any CPU
		{5B53FF15-A3EE-49BD-BBB9-7CBFB1481B2D}.Ad-Hoc|x86.Build.0 = Debug|Any CPU
		{5B53FF15-A3EE-49BD-BBB9-7CBFB1481B2D}.AppStore|Any CPU.ActiveCfg = Debug|Any CPU
		{5B53FF15-A3EE-49BD-BBB9-7CBFB1481B2D}.AppStore|Any CPU.Build.0 = Debug|Any CPU
		{5B53FF15-A3EE-49BD-BBB9-7CBFB1481B2D}.AppStore|ARM.ActiveCfg = Debug|Any CPU
		{5B53FF15-A3EE-49BD-BBB9-7CBFB1481B2D}.AppStore|ARM.Build.0 = Debug|Any CPU
		{5B53FF15-A3EE-49BD-BBB9-7CBFB1481B2D}.AppStore|iPhone.ActiveCfg = Debug|Any CPU
		{5B53FF15-A3EE-49BD-BBB9-7CBFB1481B2D}.AppStore|iPhone.Build.0 = Debug|Any CPU
		{5B53FF15-A3EE-49BD-BBB9-7CBFB1481B2D}.AppStore|iPhoneSimulator.ActiveCfg = Debug|Any CPU
		{5B53FF15-A3EE-49BD-BBB9-7CBFB1481B2D}.AppStore|iPhoneSimulator.Build.0 = Debug|Any CPU
		{5B53FF15-A3EE-49BD-BBB9-7CBFB1481B2D}.AppStore|x64.ActiveCfg = Debug|Any CPU
		{5B53FF15-A3EE-49BD-BBB9-7CBFB1481B2D}.AppStore|x64.Build.0 = Debug|Any CPU
		{5B53FF15-A3EE-49BD-BBB9-7CBFB1481B2D}.AppStore|x86.ActiveCfg = Debug|Any CPU
		{5B53FF15-A3EE-49BD-BBB9-7CBFB1481B2D}.AppStore|x86.Build.0 = Debug|Any CPU
		{5B53FF15-A3EE-49BD-BBB9-7CBFB1481B2D}.Debug|Any CPU.ActiveCfg = Debug|Any CPU
		{5B53FF15-A3EE-49BD-BBB9-7CBFB1481B2D}.Debug|Any CPU.Build.0 = Debug|Any CPU
		{5B53FF15-A3EE-49BD-BBB9-7CBFB1481B2D}.Debug|ARM.ActiveCfg = Debug|Any CPU
		{5B53FF15-A3EE-49BD-BBB9-7CBFB1481B2D}.Debug|ARM.Build.0 = Debug|Any CPU
		{5B53FF15-A3EE-49BD-BBB9-7CBFB1481B2D}.Debug|iPhone.ActiveCfg = Debug|Any CPU
		{5B53FF15-A3EE-49BD-BBB9-7CBFB1481B2D}.Debug|iPhone.Build.0 = Debug|Any CPU
		{5B53FF15-A3EE-49BD-BBB9-7CBFB1481B2D}.Debug|iPhoneSimulator.ActiveCfg = Debug|Any CPU
		{5B53FF15-A3EE-49BD-BBB9-7CBFB1481B2D}.Debug|iPhoneSimulator.Build.0 = Debug|Any CPU
		{5B53FF15-A3EE-49BD-BBB9-7CBFB1481B2D}.Debug|x64.ActiveCfg = Debug|Any CPU
		{5B53FF15-A3EE-49BD-BBB9-7CBFB1481B2D}.Debug|x64.Build.0 = Debug|Any CPU
		{5B53FF15-A3EE-49BD-BBB9-7CBFB1481B2D}.Debug|x86.ActiveCfg = Debug|Any CPU
		{5B53FF15-A3EE-49BD-BBB9-7CBFB1481B2D}.Debug|x86.Build.0 = Debug|Any CPU
		{5B53FF15-A3EE-49BD-BBB9-7CBFB1481B2D}.Release|Any CPU.ActiveCfg = Release|Any CPU
		{5B53FF15-A3EE-49BD-BBB9-7CBFB1481B2D}.Release|Any CPU.Build.0 = Release|Any CPU
		{5B53FF15-A3EE-49BD-BBB9-7CBFB1481B2D}.Release|ARM.ActiveCfg = Release|Any CPU
		{5B53FF15-A3EE-49BD-BBB9-7CBFB1481B2D}.Release|ARM.Build.0 = Release|Any CPU
		{5B53FF15-A3EE-49BD-BBB9-7CBFB1481B2D}.Release|iPhone.ActiveCfg = Release|Any CPU
		{5B53FF15-A3EE-49BD-BBB9-7CBFB1481B2D}.Release|iPhone.Build.0 = Release|Any CPU
		{5B53FF15-A3EE-49BD-BBB9-7CBFB1481B2D}.Release|iPhoneSimulator.ActiveCfg = Release|Any CPU
		{5B53FF15-A3EE-49BD-BBB9-7CBFB1481B2D}.Release|iPhoneSimulator.Build.0 = Release|Any CPU
		{5B53FF15-A3EE-49BD-BBB9-7CBFB1481B2D}.Release|x64.ActiveCfg = Release|Any CPU
		{5B53FF15-A3EE-49BD-BBB9-7CBFB1481B2D}.Release|x64.Build.0 = Release|Any CPU
		{5B53FF15-A3EE-49BD-BBB9-7CBFB1481B2D}.Release|x86.ActiveCfg = Release|Any CPU
		{5B53FF15-A3EE-49BD-BBB9-7CBFB1481B2D}.Release|x86.Build.0 = Release|Any CPU
	EndGlobalSection
	GlobalSection(SolutionProperties) = preSolution
		HideSolutionNode = FALSE
	EndGlobalSection
	GlobalSection(ExtensibilityGlobals) = postSolution
		SolutionGuid = {7665E925-5B2F-4547-8C1E-FA165B4B8328}
	EndGlobalSection
EndGlobal
